
Microsoft Visual Studio Solution File, Format Version 12.00
# Visual Studio 15
VisualStudioVersion = 15.0.28307.329
MinimumVisualStudioVersion = 10.0.40219.1
Project("{8BC9CEB8-8B4A-11D0-8D11-00A0C91BC942}") = "p1", "c++_assignments\c++_assignments.vcxproj", "{36281AB4-7843-4D04-A956-DDC4A668D8CA}"
EndProject
Project("{8BC9CEB8-8B4A-11D0-8D11-00A0C91BC942}") = "p2", "p2\p2.vcxproj", "{8DF0A4C4-FF51-4727-B3CD-6B1BA809ADCF}"
EndProject
Project("{8BC9CEB8-8B4A-11D0-8D11-00A0C91BC942}") = "p3", "p3\p3.vcxproj", "{80674DDE-8AA7-423D-B99D-6C1B7C58C666}"
EndProject
Project("{8BC9CEB8-8B4A-11D0-8D11-00A0C91BC942}") = "p4", "p4\p4.vcxproj", "{22316350-3347-49DE-A51B-1C0799905B1A}"
EndProject
Project("{8BC9CEB8-8B4A-11D0-8D11-00A0C91BC942}") = "p5", "p5\p5.vcxproj", "{FEA1512C-469E-4C2C-B327-A70BFAB799DB}"
EndProject
Project("{8BC9CEB8-8B4A-11D0-8D11-00A0C91BC942}") = "p6", "p6\p6.vcxproj", "{2D7E45ED-5207-449F-B5C8-AF03E34E31BC}"
EndProject
Project("{8BC9CEB8-8B4A-11D0-8D11-00A0C91BC942}") = "p7", "p7\p7.vcxproj", "{2F50477F-CFBC-4CB1-B322-F008B3E007BE}"
EndProject
Project("{8BC9CEB8-8B4A-11D0-8D11-00A0C91BC942}") = "p8", "p8\p8.vcxproj", "{16306DA4-1B53-49A8-941D-581EF9E00C7A}"
EndProject
Project("{8BC9CEB8-8B4A-11D0-8D11-00A0C91BC942}") = "p9", "p9\p9.vcxproj", "{513D77E8-AAA0-4488-BE21-B4337C1549F1}"
EndProject
Global
	GlobalSection(SolutionConfigurationPlatforms) = preSolution
		Debug|x64 = Debug|x64
		Debug|x86 = Debug|x86
		Release|x64 = Release|x64
		Release|x86 = Release|x86
	EndGlobalSection
	GlobalSection(ProjectConfigurationPlatforms) = postSolution
		{36281AB4-7843-4D04-A956-DDC4A668D8CA}.Debug|x64.ActiveCfg = Debug|x64
		{36281AB4-7843-4D04-A956-DDC4A668D8CA}.Debug|x64.Build.0 = Debug|x64
		{36281AB4-7843-4D04-A956-DDC4A668D8CA}.Debug|x86.ActiveCfg = Debug|Win32
		{36281AB4-7843-4D04-A956-DDC4A668D8CA}.Debug|x86.Build.0 = Debug|Win32
		{36281AB4-7843-4D04-A956-DDC4A668D8CA}.Release|x64.ActiveCfg = Release|x64
		{36281AB4-7843-4D04-A956-DDC4A668D8CA}.Release|x64.Build.0 = Release|x64
		{36281AB4-7843-4D04-A956-DDC4A668D8CA}.Release|x86.ActiveCfg = Release|Win32
		{36281AB4-7843-4D04-A956-DDC4A668D8CA}.Release|x86.Build.0 = Release|Win32
		{8DF0A4C4-FF51-4727-B3CD-6B1BA809ADCF}.Debug|x64.ActiveCfg = Debug|x64
		{8DF0A4C4-FF51-4727-B3CD-6B1BA809ADCF}.Debug|x64.Build.0 = Debug|x64
		{8DF0A4C4-FF51-4727-B3CD-6B1BA809ADCF}.Debug|x86.ActiveCfg = Debug|Win32
		{8DF0A4C4-FF51-4727-B3CD-6B1BA809ADCF}.Debug|x86.Build.0 = Debug|Win32
		{8DF0A4C4-FF51-4727-B3CD-6B1BA809ADCF}.Release|x64.ActiveCfg = Release|x64
		{8DF0A4C4-FF51-4727-B3CD-6B1BA809ADCF}.Release|x64.Build.0 = Release|x64
		{8DF0A4C4-FF51-4727-B3CD-6B1BA809ADCF}.Release|x86.ActiveCfg = Release|Win32
		{8DF0A4C4-FF51-4727-B3CD-6B1BA809ADCF}.Release|x86.Build.0 = Release|Win32
		{80674DDE-8AA7-423D-B99D-6C1B7C58C666}.Debug|x64.ActiveCfg = Debug|x64
		{80674DDE-8AA7-423D-B99D-6C1B7C58C666}.Debug|x64.Build.0 = Debug|x64
		{80674DDE-8AA7-423D-B99D-6C1B7C58C666}.Debug|x86.ActiveCfg = Debug|Win32
		{80674DDE-8AA7-423D-B99D-6C1B7C58C666}.Debug|x86.Build.0 = Debug|Win32
		{80674DDE-8AA7-423D-B99D-6C1B7C58C666}.Release|x64.ActiveCfg = Release|x64
		{80674DDE-8AA7-423D-B99D-6C1B7C58C666}.Release|x64.Build.0 = Release|x64
		{80674DDE-8AA7-423D-B99D-6C1B7C58C666}.Release|x86.ActiveCfg = Release|Win32
		{80674DDE-8AA7-423D-B99D-6C1B7C58C666}.Release|x86.Build.0 = Release|Win32
		{22316350-3347-49DE-A51B-1C0799905B1A}.Debug|x64.ActiveCfg = Debug|x64
		{22316350-3347-49DE-A51B-1C0799905B1A}.Debug|x64.Build.0 = Debug|x64
		{22316350-3347-49DE-A51B-1C0799905B1A}.Debug|x86.ActiveCfg = Debug|Win32
		{22316350-3347-49DE-A51B-1C0799905B1A}.Debug|x86.Build.0 = Debug|Win32
		{22316350-3347-49DE-A51B-1C0799905B1A}.Release|x64.ActiveCfg = Release|x64
		{22316350-3347-49DE-A51B-1C0799905B1A}.Release|x64.Build.0 = Release|x64
		{22316350-3347-49DE-A51B-1C0799905B1A}.Release|x86.ActiveCfg = Release|Win32
		{22316350-3347-49DE-A51B-1C0799905B1A}.Release|x86.Build.0 = Release|Win32
		{FEA1512C-469E-4C2C-B327-A70BFAB799DB}.Debug|x64.ActiveCfg = Debug|x64
		{FEA1512C-469E-4C2C-B327-A70BFAB799DB}.Debug|x64.Build.0 = Debug|x64
		{FEA1512C-469E-4C2C-B327-A70BFAB799DB}.Debug|x86.ActiveCfg = Debug|Win32
		{FEA1512C-469E-4C2C-B327-A70BFAB799DB}.Debug|x86.Build.0 = Debug|Win32
		{FEA1512C-469E-4C2C-B327-A70BFAB799DB}.Release|x64.ActiveCfg = Release|x64
		{FEA1512C-469E-4C2C-B327-A70BFAB799DB}.Release|x64.Build.0 = Release|x64
		{FEA1512C-469E-4C2C-B327-A70BFAB799DB}.Release|x86.ActiveCfg = Release|Win32
		{FEA1512C-469E-4C2C-B327-A70BFAB799DB}.Release|x86.Build.0 = Release|Win32
		{2D7E45ED-5207-449F-B5C8-AF03E34E31BC}.Debug|x64.ActiveCfg = Debug|x64
		{2D7E45ED-5207-449F-B5C8-AF03E34E31BC}.Debug|x64.Build.0 = Debug|x64
		{2D7E45ED-5207-449F-B5C8-AF03E34E31BC}.Debug|x86.ActiveCfg = Debug|Win32
		{2D7E45ED-5207-449F-B5C8-AF03E34E31BC}.Debug|x86.Build.0 = Debug|Win32
		{2D7E45ED-5207-449F-B5C8-AF03E34E31BC}.Release|x64.ActiveCfg = Release|x64
		{2D7E45ED-5207-449F-B5C8-AF03E34E31BC}.Release|x64.Build.0 = Release|x64
		{2D7E45ED-5207-449F-B5C8-AF03E34E31BC}.Release|x86.ActiveCfg = Release|Win32
		{2D7E45ED-5207-449F-B5C8-AF03E34E31BC}.Release|x86.Build.0 = Release|Win32
		{2F50477F-CFBC-4CB1-B322-F008B3E007BE}.Debug|x64.ActiveCfg = Debug|x64
		{2F50477F-CFBC-4CB1-B322-F008B3E007BE}.Debug|x64.Build.0 = Debug|x64
		{2F50477F-CFBC-4CB1-B322-F008B3E007BE}.Debug|x86.ActiveCfg = Debug|Win32
		{2F50477F-CFBC-4CB1-B322-F008B3E007BE}.Debug|x86.Build.0 = Debug|Win32
		{2F50477F-CFBC-4CB1-B322-F008B3E007BE}.Release|x64.ActiveCfg = Release|x64
		{2F50477F-CFBC-4CB1-B322-F008B3E007BE}.Release|x64.Build.0 = Release|x64
		{2F50477F-CFBC-4CB1-B322-F008B3E007BE}.Release|x86.ActiveCfg = Release|Win32
		{2F50477F-CFBC-4CB1-B322-F008B3E007BE}.Release|x86.Build.0 = Release|Win32
		{16306DA4-1B53-49A8-941D-581EF9E00C7A}.Debug|x64.ActiveCfg = Debug|x64
		{16306DA4-1B53-49A8-941D-581EF9E00C7A}.Debug|x64.Build.0 = Debug|x64
		{16306DA4-1B53-49A8-941D-581EF9E00C7A}.Debug|x86.ActiveCfg = Debug|Win32
		{16306DA4-1B53-49A8-941D-581EF9E00C7A}.Debug|x86.Build.0 = Debug|Win32
		{16306DA4-1B53-49A8-941D-581EF9E00C7A}.Release|x64.ActiveCfg = Release|x64
		{16306DA4-1B53-49A8-941D-581EF9E00C7A}.Release|x64.Build.0 = Release|x64
		{16306DA4-1B53-49A8-941D-581EF9E00C7A}.Release|x86.ActiveCfg = Release|Win32
		{16306DA4-1B53-49A8-941D-581EF9E00C7A}.Release|x86.Build.0 = Release|Win32
		{513D77E8-AAA0-4488-BE21-B4337C1549F1}.Debug|x64.ActiveCfg = Debug|x64
		{513D77E8-AAA0-4488-BE21-B4337C1549F1}.Debug|x64.Build.0 = Debug|x64
		{513D77E8-AAA0-4488-BE21-B4337C1549F1}.Debug|x86.ActiveCfg = Debug|Win32
		{513D77E8-AAA0-4488-BE21-B4337C1549F1}.Debug|x86.Build.0 = Debug|Win32
		{513D77E8-AAA0-4488-BE21-B4337C1549F1}.Release|x64.ActiveCfg = Release|x64
		{513D77E8-AAA0-4488-BE21-B4337C1549F1}.Release|x64.Build.0 = Release|x64
		{513D77E8-AAA0-4488-BE21-B4337C1549F1}.Release|x86.ActiveCfg = Release|Win32
		{513D77E8-AAA0-4488-BE21-B4337C1549F1}.Release|x86.Build.0 = Release|Win32
	EndGlobalSection
	GlobalSection(SolutionProperties) = preSolution
		HideSolutionNode = FALSE
	EndGlobalSection
	GlobalSection(ExtensibilityGlobals) = postSolution
		SolutionGuid = {BE8E19BB-C8EC-45E0-835B-4C99661B377D}
	EndGlobalSection
EndGlobal
