
Microsoft Visual Studio Solution File, Format Version 12.00
# Visual Studio 15
VisualStudioVersion = 15.0.28307.329
MinimumVisualStudioVersion = 10.0.40219.1
Project("{8BC9CEB8-8B4A-11D0-8D11-00A0C91BC942}") = "CountE's-3", "CountE's-3\CountE's-3.vcxproj", "{259B7E0F-C777-4087-A781-311C1A358587}"
EndProject
Project("{8BC9CEB8-8B4A-11D0-8D11-00A0C91BC942}") = "CaseConverter-5", "CaseConverter\CaseConverter.vcxproj", "{91296BC9-438B-4E5E-90D8-3718BE942E53}"
EndProject
Project("{8BC9CEB8-8B4A-11D0-8D11-00A0C91BC942}") = "StringRev-6", "StringRev-6\StringRev-6.vcxproj", "{B442D65A-C491-4FB9-959D-2898F8736D15}"
EndProject
Project("{8BC9CEB8-8B4A-11D0-8D11-00A0C91BC942}") = "DisplayArrOfPointers-8", "DisplayArrOfPointers-8\DisplayArrOfPointers-8.vcxproj", "{9EE72961-B174-45B2-B0BD-5FA5965969F5}"
EndProject
Project("{8BC9CEB8-8B4A-11D0-8D11-00A0C91BC942}") = "StringPointerAnalysis-1,2", "StringPointerAnalysis-1\StringPointerAnalysis-1.vcxproj", "{3872B230-745A-4686-A378-26F6F6BE5A1A}"
EndProject
Project("{8BC9CEB8-8B4A-11D0-8D11-00A0C91BC942}") = "StringRotations-14", "StringRotations\StringRotations.vcxproj", "{789E8F61-6EF2-4C5D-90A9-F49DA7927136}"
EndProject
Project("{8BC9CEB8-8B4A-11D0-8D11-00A0C91BC942}") = "Expand-13", "Expand-13\Expand-13.vcxproj", "{E8B0CC37-C51D-4540-A007-ED076F8FEFFA}"
EndProject
Project("{8BC9CEB8-8B4A-11D0-8D11-00A0C91BC942}") = "Delete-12", "Delete-12\Delete-12.vcxproj", "{E8D0DAB3-1733-44E2-A1C3-5DD2613EC925}"
EndProject
Project("{8BC9CEB8-8B4A-11D0-8D11-00A0C91BC942}") = "Replace-4", "Replace-4\Replace-4.vcxproj", "{50C38122-96EC-40F2-A38B-F82D39C9E816}"
EndProject
Project("{8BC9CEB8-8B4A-11D0-8D11-00A0C91BC942}") = "strRev-6", "strRev-6\strRev-6.vcxproj", "{2ABF07EE-A52B-4ED0-B44F-B96273CDACDA}"
EndProject
Project("{8BC9CEB8-8B4A-11D0-8D11-00A0C91BC942}") = "strMatch-9", "strMatch-9\strMatch-9.vcxproj", "{FFD2DC54-0B69-4C4F-AAB1-77F418905D28}"
EndProject
Project("{8BC9CEB8-8B4A-11D0-8D11-00A0C91BC942}") = "Delete-10", "Delete-10\Delete-10.vcxproj", "{77236181-8B95-4BCF-8E9D-1F1B7E82350B}"
EndProject
Project("{8BC9CEB8-8B4A-11D0-8D11-00A0C91BC942}") = "SortStrings", "SortStrings\SortStrings.vcxproj", "{D1068BF5-FBB9-4392-ACC0-142EE63CAC9A}"
EndProject
Project("{8BC9CEB8-8B4A-11D0-8D11-00A0C91BC942}") = "StringFunctions-15", "StringFunctions-15\StringFunctions-15.vcxproj", "{F40A1F71-654D-4B19-AA71-4582F4305AEB}"
EndProject
Global
	GlobalSection(SolutionConfigurationPlatforms) = preSolution
		Debug|x64 = Debug|x64
		Debug|x86 = Debug|x86
		Release|x64 = Release|x64
		Release|x86 = Release|x86
	EndGlobalSection
	GlobalSection(ProjectConfigurationPlatforms) = postSolution
		{259B7E0F-C777-4087-A781-311C1A358587}.Debug|x64.ActiveCfg = Debug|x64
		{259B7E0F-C777-4087-A781-311C1A358587}.Debug|x64.Build.0 = Debug|x64
		{259B7E0F-C777-4087-A781-311C1A358587}.Debug|x86.ActiveCfg = Debug|Win32
		{259B7E0F-C777-4087-A781-311C1A358587}.Debug|x86.Build.0 = Debug|Win32
		{259B7E0F-C777-4087-A781-311C1A358587}.Release|x64.ActiveCfg = Release|x64
		{259B7E0F-C777-4087-A781-311C1A358587}.Release|x64.Build.0 = Release|x64
		{259B7E0F-C777-4087-A781-311C1A358587}.Release|x86.ActiveCfg = Release|Win32
		{259B7E0F-C777-4087-A781-311C1A358587}.Release|x86.Build.0 = Release|Win32
		{91296BC9-438B-4E5E-90D8-3718BE942E53}.Debug|x64.ActiveCfg = Debug|x64
		{91296BC9-438B-4E5E-90D8-3718BE942E53}.Debug|x64.Build.0 = Debug|x64
		{91296BC9-438B-4E5E-90D8-3718BE942E53}.Debug|x86.ActiveCfg = Debug|Win32
		{91296BC9-438B-4E5E-90D8-3718BE942E53}.Debug|x86.Build.0 = Debug|Win32
		{91296BC9-438B-4E5E-90D8-3718BE942E53}.Release|x64.ActiveCfg = Release|x64
		{91296BC9-438B-4E5E-90D8-3718BE942E53}.Release|x64.Build.0 = Release|x64
		{91296BC9-438B-4E5E-90D8-3718BE942E53}.Release|x86.ActiveCfg = Release|Win32
		{91296BC9-438B-4E5E-90D8-3718BE942E53}.Release|x86.Build.0 = Release|Win32
		{B442D65A-C491-4FB9-959D-2898F8736D15}.Debug|x64.ActiveCfg = Debug|x64
		{B442D65A-C491-4FB9-959D-2898F8736D15}.Debug|x64.Build.0 = Debug|x64
		{B442D65A-C491-4FB9-959D-2898F8736D15}.Debug|x86.ActiveCfg = Debug|Win32
		{B442D65A-C491-4FB9-959D-2898F8736D15}.Debug|x86.Build.0 = Debug|Win32
		{B442D65A-C491-4FB9-959D-2898F8736D15}.Release|x64.ActiveCfg = Release|x64
		{B442D65A-C491-4FB9-959D-2898F8736D15}.Release|x64.Build.0 = Release|x64
		{B442D65A-C491-4FB9-959D-2898F8736D15}.Release|x86.ActiveCfg = Release|Win32
		{B442D65A-C491-4FB9-959D-2898F8736D15}.Release|x86.Build.0 = Release|Win32
		{9EE72961-B174-45B2-B0BD-5FA5965969F5}.Debug|x64.ActiveCfg = Debug|x64
		{9EE72961-B174-45B2-B0BD-5FA5965969F5}.Debug|x64.Build.0 = Debug|x64
		{9EE72961-B174-45B2-B0BD-5FA5965969F5}.Debug|x86.ActiveCfg = Debug|Win32
		{9EE72961-B174-45B2-B0BD-5FA5965969F5}.Debug|x86.Build.0 = Debug|Win32
		{9EE72961-B174-45B2-B0BD-5FA5965969F5}.Release|x64.ActiveCfg = Release|x64
		{9EE72961-B174-45B2-B0BD-5FA5965969F5}.Release|x64.Build.0 = Release|x64
		{9EE72961-B174-45B2-B0BD-5FA5965969F5}.Release|x86.ActiveCfg = Release|Win32
		{9EE72961-B174-45B2-B0BD-5FA5965969F5}.Release|x86.Build.0 = Release|Win32
		{3872B230-745A-4686-A378-26F6F6BE5A1A}.Debug|x64.ActiveCfg = Debug|x64
		{3872B230-745A-4686-A378-26F6F6BE5A1A}.Debug|x64.Build.0 = Debug|x64
		{3872B230-745A-4686-A378-26F6F6BE5A1A}.Debug|x86.ActiveCfg = Debug|Win32
		{3872B230-745A-4686-A378-26F6F6BE5A1A}.Debug|x86.Build.0 = Debug|Win32
		{3872B230-745A-4686-A378-26F6F6BE5A1A}.Release|x64.ActiveCfg = Release|x64
		{3872B230-745A-4686-A378-26F6F6BE5A1A}.Release|x64.Build.0 = Release|x64
		{3872B230-745A-4686-A378-26F6F6BE5A1A}.Release|x86.ActiveCfg = Release|Win32
		{3872B230-745A-4686-A378-26F6F6BE5A1A}.Release|x86.Build.0 = Release|Win32
		{789E8F61-6EF2-4C5D-90A9-F49DA7927136}.Debug|x64.ActiveCfg = Debug|x64
		{789E8F61-6EF2-4C5D-90A9-F49DA7927136}.Debug|x64.Build.0 = Debug|x64
		{789E8F61-6EF2-4C5D-90A9-F49DA7927136}.Debug|x86.ActiveCfg = Debug|Win32
		{789E8F61-6EF2-4C5D-90A9-F49DA7927136}.Debug|x86.Build.0 = Debug|Win32
		{789E8F61-6EF2-4C5D-90A9-F49DA7927136}.Release|x64.ActiveCfg = Release|x64
		{789E8F61-6EF2-4C5D-90A9-F49DA7927136}.Release|x64.Build.0 = Release|x64
		{789E8F61-6EF2-4C5D-90A9-F49DA7927136}.Release|x86.ActiveCfg = Release|Win32
		{789E8F61-6EF2-4C5D-90A9-F49DA7927136}.Release|x86.Build.0 = Release|Win32
		{E8B0CC37-C51D-4540-A007-ED076F8FEFFA}.Debug|x64.ActiveCfg = Debug|x64
		{E8B0CC37-C51D-4540-A007-ED076F8FEFFA}.Debug|x64.Build.0 = Debug|x64
		{E8B0CC37-C51D-4540-A007-ED076F8FEFFA}.Debug|x86.ActiveCfg = Debug|Win32
		{E8B0CC37-C51D-4540-A007-ED076F8FEFFA}.Debug|x86.Build.0 = Debug|Win32
		{E8B0CC37-C51D-4540-A007-ED076F8FEFFA}.Release|x64.ActiveCfg = Release|x64
		{E8B0CC37-C51D-4540-A007-ED076F8FEFFA}.Release|x64.Build.0 = Release|x64
		{E8B0CC37-C51D-4540-A007-ED076F8FEFFA}.Release|x86.ActiveCfg = Release|Win32
		{E8B0CC37-C51D-4540-A007-ED076F8FEFFA}.Release|x86.Build.0 = Release|Win32
		{E8D0DAB3-1733-44E2-A1C3-5DD2613EC925}.Debug|x64.ActiveCfg = Debug|x64
		{E8D0DAB3-1733-44E2-A1C3-5DD2613EC925}.Debug|x64.Build.0 = Debug|x64
		{E8D0DAB3-1733-44E2-A1C3-5DD2613EC925}.Debug|x86.ActiveCfg = Debug|Win32
		{E8D0DAB3-1733-44E2-A1C3-5DD2613EC925}.Debug|x86.Build.0 = Debug|Win32
		{E8D0DAB3-1733-44E2-A1C3-5DD2613EC925}.Release|x64.ActiveCfg = Release|x64
		{E8D0DAB3-1733-44E2-A1C3-5DD2613EC925}.Release|x64.Build.0 = Release|x64
		{E8D0DAB3-1733-44E2-A1C3-5DD2613EC925}.Release|x86.ActiveCfg = Release|Win32
		{E8D0DAB3-1733-44E2-A1C3-5DD2613EC925}.Release|x86.Build.0 = Release|Win32
		{50C38122-96EC-40F2-A38B-F82D39C9E816}.Debug|x64.ActiveCfg = Debug|x64
		{50C38122-96EC-40F2-A38B-F82D39C9E816}.Debug|x64.Build.0 = Debug|x64
		{50C38122-96EC-40F2-A38B-F82D39C9E816}.Debug|x86.ActiveCfg = Debug|Win32
		{50C38122-96EC-40F2-A38B-F82D39C9E816}.Debug|x86.Build.0 = Debug|Win32
		{50C38122-96EC-40F2-A38B-F82D39C9E816}.Release|x64.ActiveCfg = Release|x64
		{50C38122-96EC-40F2-A38B-F82D39C9E816}.Release|x64.Build.0 = Release|x64
		{50C38122-96EC-40F2-A38B-F82D39C9E816}.Release|x86.ActiveCfg = Release|Win32
		{50C38122-96EC-40F2-A38B-F82D39C9E816}.Release|x86.Build.0 = Release|Win32
		{2ABF07EE-A52B-4ED0-B44F-B96273CDACDA}.Debug|x64.ActiveCfg = Debug|x64
		{2ABF07EE-A52B-4ED0-B44F-B96273CDACDA}.Debug|x64.Build.0 = Debug|x64
		{2ABF07EE-A52B-4ED0-B44F-B96273CDACDA}.Debug|x86.ActiveCfg = Debug|Win32
		{2ABF07EE-A52B-4ED0-B44F-B96273CDACDA}.Debug|x86.Build.0 = Debug|Win32
		{2ABF07EE-A52B-4ED0-B44F-B96273CDACDA}.Release|x64.ActiveCfg = Release|x64
		{2ABF07EE-A52B-4ED0-B44F-B96273CDACDA}.Release|x64.Build.0 = Release|x64
		{2ABF07EE-A52B-4ED0-B44F-B96273CDACDA}.Release|x86.ActiveCfg = Release|Win32
		{2ABF07EE-A52B-4ED0-B44F-B96273CDACDA}.Release|x86.Build.0 = Release|Win32
		{FFD2DC54-0B69-4C4F-AAB1-77F418905D28}.Debug|x64.ActiveCfg = Debug|x64
		{FFD2DC54-0B69-4C4F-AAB1-77F418905D28}.Debug|x64.Build.0 = Debug|x64
		{FFD2DC54-0B69-4C4F-AAB1-77F418905D28}.Debug|x86.ActiveCfg = Debug|Win32
		{FFD2DC54-0B69-4C4F-AAB1-77F418905D28}.Debug|x86.Build.0 = Debug|Win32
		{FFD2DC54-0B69-4C4F-AAB1-77F418905D28}.Release|x64.ActiveCfg = Release|x64
		{FFD2DC54-0B69-4C4F-AAB1-77F418905D28}.Release|x64.Build.0 = Release|x64
		{FFD2DC54-0B69-4C4F-AAB1-77F418905D28}.Release|x86.ActiveCfg = Release|Win32
		{FFD2DC54-0B69-4C4F-AAB1-77F418905D28}.Release|x86.Build.0 = Release|Win32
		{77236181-8B95-4BCF-8E9D-1F1B7E82350B}.Debug|x64.ActiveCfg = Debug|x64
		{77236181-8B95-4BCF-8E9D-1F1B7E82350B}.Debug|x64.Build.0 = Debug|x64
		{77236181-8B95-4BCF-8E9D-1F1B7E82350B}.Debug|x86.ActiveCfg = Debug|Win32
		{77236181-8B95-4BCF-8E9D-1F1B7E82350B}.Debug|x86.Build.0 = Debug|Win32
		{77236181-8B95-4BCF-8E9D-1F1B7E82350B}.Release|x64.ActiveCfg = Release|x64
		{77236181-8B95-4BCF-8E9D-1F1B7E82350B}.Release|x64.Build.0 = Release|x64
		{77236181-8B95-4BCF-8E9D-1F1B7E82350B}.Release|x86.ActiveCfg = Release|Win32
		{77236181-8B95-4BCF-8E9D-1F1B7E82350B}.Release|x86.Build.0 = Release|Win32
		{D1068BF5-FBB9-4392-ACC0-142EE63CAC9A}.Debug|x64.ActiveCfg = Debug|x64
		{D1068BF5-FBB9-4392-ACC0-142EE63CAC9A}.Debug|x64.Build.0 = Debug|x64
		{D1068BF5-FBB9-4392-ACC0-142EE63CAC9A}.Debug|x86.ActiveCfg = Debug|Win32
		{D1068BF5-FBB9-4392-ACC0-142EE63CAC9A}.Debug|x86.Build.0 = Debug|Win32
		{D1068BF5-FBB9-4392-ACC0-142EE63CAC9A}.Release|x64.ActiveCfg = Release|x64
		{D1068BF5-FBB9-4392-ACC0-142EE63CAC9A}.Release|x64.Build.0 = Release|x64
		{D1068BF5-FBB9-4392-ACC0-142EE63CAC9A}.Release|x86.ActiveCfg = Release|Win32
		{D1068BF5-FBB9-4392-ACC0-142EE63CAC9A}.Release|x86.Build.0 = Release|Win32
		{F40A1F71-654D-4B19-AA71-4582F4305AEB}.Debug|x64.ActiveCfg = Debug|x64
		{F40A1F71-654D-4B19-AA71-4582F4305AEB}.Debug|x64.Build.0 = Debug|x64
		{F40A1F71-654D-4B19-AA71-4582F4305AEB}.Debug|x86.ActiveCfg = Debug|Win32
		{F40A1F71-654D-4B19-AA71-4582F4305AEB}.Debug|x86.Build.0 = Debug|Win32
		{F40A1F71-654D-4B19-AA71-4582F4305AEB}.Release|x64.ActiveCfg = Release|x64
		{F40A1F71-654D-4B19-AA71-4582F4305AEB}.Release|x64.Build.0 = Release|x64
		{F40A1F71-654D-4B19-AA71-4582F4305AEB}.Release|x86.ActiveCfg = Release|Win32
		{F40A1F71-654D-4B19-AA71-4582F4305AEB}.Release|x86.Build.0 = Release|Win32
	EndGlobalSection
	GlobalSection(SolutionProperties) = preSolution
		HideSolutionNode = FALSE
	EndGlobalSection
	GlobalSection(ExtensibilityGlobals) = postSolution
		SolutionGuid = {337199AE-979E-4988-B28A-6BD1978A94B6}
	EndGlobalSection
EndGlobal
