
Microsoft Visual Studio Solution File, Format Version 12.00
# Visual Studio 14
VisualStudioVersion = 14.0.25420.1
MinimumVisualStudioVersion = 10.0.40219.1
Project("{8BC9CEB8-8B4A-11D0-8D11-00A0C91BC942}") = "p1", "ConsoleApplication1\ConsoleApplication1.vcxproj", "{56DF47BB-FAB5-44AE-AD0E-DACEF2A7D11C}"
EndProject
Project("{8BC9CEB8-8B4A-11D0-8D11-00A0C91BC942}") = "p2", "p2\p2.vcxproj", "{13D78A94-7BAD-44D2-B383-EDD80BB386C3}"
EndProject
Project("{8BC9CEB8-8B4A-11D0-8D11-00A0C91BC942}") = "p3", "p3\p3.vcxproj", "{48AE3076-8D3D-46C3-B542-BBD2CAB039FA}"
EndProject
Project("{8BC9CEB8-8B4A-11D0-8D11-00A0C91BC942}") = "p4", "p4\p4.vcxproj", "{A43F728B-F229-4638-A0C5-BCFA794764B4}"
EndProject
Project("{8BC9CEB8-8B4A-11D0-8D11-00A0C91BC942}") = "p5", "ConsoleApplication2\ConsoleApplication2.vcxproj", "{90083E80-C203-42DF-9A56-8B4E164555FE}"
EndProject
Project("{8BC9CEB8-8B4A-11D0-8D11-00A0C91BC942}") = "p12", "p12\p12.vcxproj", "{5A905A0E-FC4F-4581-9065-8470E4A5D5A6}"
EndProject
Project("{8BC9CEB8-8B4A-11D0-8D11-00A0C91BC942}") = "p13", "p13\p13.vcxproj", "{B99046BC-BF1D-4DB8-AD38-79E3AE5FAA16}"
EndProject
Project("{8BC9CEB8-8B4A-11D0-8D11-00A0C91BC942}") = "p14", "p14\p14.vcxproj", "{8F548857-9280-4DEB-8CE6-D94C5E627833}"
EndProject
Project("{8BC9CEB8-8B4A-11D0-8D11-00A0C91BC942}") = "p6", "p6\p6.vcxproj", "{80B374F6-425E-45F5-BF19-235F2EDDE311}"
EndProject
Global
	GlobalSection(SolutionConfigurationPlatforms) = preSolution
		Debug|x64 = Debug|x64
		Debug|x86 = Debug|x86
		Release|x64 = Release|x64
		Release|x86 = Release|x86
	EndGlobalSection
	GlobalSection(ProjectConfigurationPlatforms) = postSolution
		{56DF47BB-FAB5-44AE-AD0E-DACEF2A7D11C}.Debug|x64.ActiveCfg = Debug|x64
		{56DF47BB-FAB5-44AE-AD0E-DACEF2A7D11C}.Debug|x64.Build.0 = Debug|x64
		{56DF47BB-FAB5-44AE-AD0E-DACEF2A7D11C}.Debug|x86.ActiveCfg = Debug|Win32
		{56DF47BB-FAB5-44AE-AD0E-DACEF2A7D11C}.Debug|x86.Build.0 = Debug|Win32
		{56DF47BB-FAB5-44AE-AD0E-DACEF2A7D11C}.Release|x64.ActiveCfg = Release|x64
		{56DF47BB-FAB5-44AE-AD0E-DACEF2A7D11C}.Release|x64.Build.0 = Release|x64
		{56DF47BB-FAB5-44AE-AD0E-DACEF2A7D11C}.Release|x86.ActiveCfg = Release|Win32
		{56DF47BB-FAB5-44AE-AD0E-DACEF2A7D11C}.Release|x86.Build.0 = Release|Win32
		{13D78A94-7BAD-44D2-B383-EDD80BB386C3}.Debug|x64.ActiveCfg = Debug|x64
		{13D78A94-7BAD-44D2-B383-EDD80BB386C3}.Debug|x64.Build.0 = Debug|x64
		{13D78A94-7BAD-44D2-B383-EDD80BB386C3}.Debug|x86.ActiveCfg = Debug|Win32
		{13D78A94-7BAD-44D2-B383-EDD80BB386C3}.Debug|x86.Build.0 = Debug|Win32
		{13D78A94-7BAD-44D2-B383-EDD80BB386C3}.Release|x64.ActiveCfg = Release|x64
		{13D78A94-7BAD-44D2-B383-EDD80BB386C3}.Release|x64.Build.0 = Release|x64
		{13D78A94-7BAD-44D2-B383-EDD80BB386C3}.Release|x86.ActiveCfg = Release|Win32
		{13D78A94-7BAD-44D2-B383-EDD80BB386C3}.Release|x86.Build.0 = Release|Win32
		{48AE3076-8D3D-46C3-B542-BBD2CAB039FA}.Debug|x64.ActiveCfg = Debug|x64
		{48AE3076-8D3D-46C3-B542-BBD2CAB039FA}.Debug|x64.Build.0 = Debug|x64
		{48AE3076-8D3D-46C3-B542-BBD2CAB039FA}.Debug|x86.ActiveCfg = Debug|Win32
		{48AE3076-8D3D-46C3-B542-BBD2CAB039FA}.Debug|x86.Build.0 = Debug|Win32
		{48AE3076-8D3D-46C3-B542-BBD2CAB039FA}.Release|x64.ActiveCfg = Release|x64
		{48AE3076-8D3D-46C3-B542-BBD2CAB039FA}.Release|x64.Build.0 = Release|x64
		{48AE3076-8D3D-46C3-B542-BBD2CAB039FA}.Release|x86.ActiveCfg = Release|Win32
		{48AE3076-8D3D-46C3-B542-BBD2CAB039FA}.Release|x86.Build.0 = Release|Win32
		{A43F728B-F229-4638-A0C5-BCFA794764B4}.Debug|x64.ActiveCfg = Debug|x64
		{A43F728B-F229-4638-A0C5-BCFA794764B4}.Debug|x64.Build.0 = Debug|x64
		{A43F728B-F229-4638-A0C5-BCFA794764B4}.Debug|x86.ActiveCfg = Debug|Win32
		{A43F728B-F229-4638-A0C5-BCFA794764B4}.Debug|x86.Build.0 = Debug|Win32
		{A43F728B-F229-4638-A0C5-BCFA794764B4}.Release|x64.ActiveCfg = Release|x64
		{A43F728B-F229-4638-A0C5-BCFA794764B4}.Release|x64.Build.0 = Release|x64
		{A43F728B-F229-4638-A0C5-BCFA794764B4}.Release|x86.ActiveCfg = Release|Win32
		{A43F728B-F229-4638-A0C5-BCFA794764B4}.Release|x86.Build.0 = Release|Win32
		{90083E80-C203-42DF-9A56-8B4E164555FE}.Debug|x64.ActiveCfg = Debug|x64
		{90083E80-C203-42DF-9A56-8B4E164555FE}.Debug|x64.Build.0 = Debug|x64
		{90083E80-C203-42DF-9A56-8B4E164555FE}.Debug|x86.ActiveCfg = Debug|Win32
		{90083E80-C203-42DF-9A56-8B4E164555FE}.Debug|x86.Build.0 = Debug|Win32
		{90083E80-C203-42DF-9A56-8B4E164555FE}.Release|x64.ActiveCfg = Release|x64
		{90083E80-C203-42DF-9A56-8B4E164555FE}.Release|x64.Build.0 = Release|x64
		{90083E80-C203-42DF-9A56-8B4E164555FE}.Release|x86.ActiveCfg = Release|Win32
		{90083E80-C203-42DF-9A56-8B4E164555FE}.Release|x86.Build.0 = Release|Win32
		{5A905A0E-FC4F-4581-9065-8470E4A5D5A6}.Debug|x64.ActiveCfg = Debug|x64
		{5A905A0E-FC4F-4581-9065-8470E4A5D5A6}.Debug|x64.Build.0 = Debug|x64
		{5A905A0E-FC4F-4581-9065-8470E4A5D5A6}.Debug|x86.ActiveCfg = Debug|Win32
		{5A905A0E-FC4F-4581-9065-8470E4A5D5A6}.Debug|x86.Build.0 = Debug|Win32
		{5A905A0E-FC4F-4581-9065-8470E4A5D5A6}.Release|x64.ActiveCfg = Release|x64
		{5A905A0E-FC4F-4581-9065-8470E4A5D5A6}.Release|x64.Build.0 = Release|x64
		{5A905A0E-FC4F-4581-9065-8470E4A5D5A6}.Release|x86.ActiveCfg = Release|Win32
		{5A905A0E-FC4F-4581-9065-8470E4A5D5A6}.Release|x86.Build.0 = Release|Win32
		{B99046BC-BF1D-4DB8-AD38-79E3AE5FAA16}.Debug|x64.ActiveCfg = Debug|x64
		{B99046BC-BF1D-4DB8-AD38-79E3AE5FAA16}.Debug|x64.Build.0 = Debug|x64
		{B99046BC-BF1D-4DB8-AD38-79E3AE5FAA16}.Debug|x86.ActiveCfg = Debug|Win32
		{B99046BC-BF1D-4DB8-AD38-79E3AE5FAA16}.Debug|x86.Build.0 = Debug|Win32
		{B99046BC-BF1D-4DB8-AD38-79E3AE5FAA16}.Release|x64.ActiveCfg = Release|x64
		{B99046BC-BF1D-4DB8-AD38-79E3AE5FAA16}.Release|x64.Build.0 = Release|x64
		{B99046BC-BF1D-4DB8-AD38-79E3AE5FAA16}.Release|x86.ActiveCfg = Release|Win32
		{B99046BC-BF1D-4DB8-AD38-79E3AE5FAA16}.Release|x86.Build.0 = Release|Win32
		{8F548857-9280-4DEB-8CE6-D94C5E627833}.Debug|x64.ActiveCfg = Debug|x64
		{8F548857-9280-4DEB-8CE6-D94C5E627833}.Debug|x64.Build.0 = Debug|x64
		{8F548857-9280-4DEB-8CE6-D94C5E627833}.Debug|x86.ActiveCfg = Debug|Win32
		{8F548857-9280-4DEB-8CE6-D94C5E627833}.Debug|x86.Build.0 = Debug|Win32
		{8F548857-9280-4DEB-8CE6-D94C5E627833}.Release|x64.ActiveCfg = Release|x64
		{8F548857-9280-4DEB-8CE6-D94C5E627833}.Release|x64.Build.0 = Release|x64
		{8F548857-9280-4DEB-8CE6-D94C5E627833}.Release|x86.ActiveCfg = Release|Win32
		{8F548857-9280-4DEB-8CE6-D94C5E627833}.Release|x86.Build.0 = Release|Win32
		{80B374F6-425E-45F5-BF19-235F2EDDE311}.Debug|x64.ActiveCfg = Debug|x64
		{80B374F6-425E-45F5-BF19-235F2EDDE311}.Debug|x64.Build.0 = Debug|x64
		{80B374F6-425E-45F5-BF19-235F2EDDE311}.Debug|x86.ActiveCfg = Debug|Win32
		{80B374F6-425E-45F5-BF19-235F2EDDE311}.Debug|x86.Build.0 = Debug|Win32
		{80B374F6-425E-45F5-BF19-235F2EDDE311}.Release|x64.ActiveCfg = Release|x64
		{80B374F6-425E-45F5-BF19-235F2EDDE311}.Release|x64.Build.0 = Release|x64
		{80B374F6-425E-45F5-BF19-235F2EDDE311}.Release|x86.ActiveCfg = Release|Win32
		{80B374F6-425E-45F5-BF19-235F2EDDE311}.Release|x86.Build.0 = Release|Win32
	EndGlobalSection
	GlobalSection(SolutionProperties) = preSolution
		HideSolutionNode = FALSE
	EndGlobalSection
EndGlobal
