
Microsoft Visual Studio Solution File, Format Version 12.00
# Visual Studio 15
VisualStudioVersion = 15.0.28307.329
MinimumVisualStudioVersion = 10.0.40219.1
Project("{8BC9CEB8-8B4A-11D0-8D11-00A0C91BC942}") = "Program2", "Program2\Program2.vcxproj", "{CDCDFDF3-1C68-45C9-8F4E-DB41484D2EDE}"
EndProject
Project("{8BC9CEB8-8B4A-11D0-8D11-00A0C91BC942}") = "Program3", "Program3\Program3.vcxproj", "{7C5E3434-1D47-40D4-B313-D35934DA6168}"
EndProject
Project("{8BC9CEB8-8B4A-11D0-8D11-00A0C91BC942}") = "program1", "program1\program1.vcxproj", "{DD6653CF-1336-4934-8BF3-62FCCD13CD29}"
EndProject
Global
	GlobalSection(SolutionConfigurationPlatforms) = preSolution
		Debug|x64 = Debug|x64
		Debug|x86 = Debug|x86
		Release|x64 = Release|x64
		Release|x86 = Release|x86
	EndGlobalSection
	GlobalSection(ProjectConfigurationPlatforms) = postSolution
		{CDCDFDF3-1C68-45C9-8F4E-DB41484D2EDE}.Debug|x64.ActiveCfg = Debug|x64
		{CDCDFDF3-1C68-45C9-8F4E-DB41484D2EDE}.Debug|x64.Build.0 = Debug|x64
		{CDCDFDF3-1C68-45C9-8F4E-DB41484D2EDE}.Debug|x86.ActiveCfg = Debug|Win32
		{CDCDFDF3-1C68-45C9-8F4E-DB41484D2EDE}.Debug|x86.Build.0 = Debug|Win32
		{CDCDFDF3-1C68-45C9-8F4E-DB41484D2EDE}.Release|x64.ActiveCfg = Release|x64
		{CDCDFDF3-1C68-45C9-8F4E-DB41484D2EDE}.Release|x64.Build.0 = Release|x64
		{CDCDFDF3-1C68-45C9-8F4E-DB41484D2EDE}.Release|x86.ActiveCfg = Release|Win32
		{CDCDFDF3-1C68-45C9-8F4E-DB41484D2EDE}.Release|x86.Build.0 = Release|Win32
		{7C5E3434-1D47-40D4-B313-D35934DA6168}.Debug|x64.ActiveCfg = Debug|x64
		{7C5E3434-1D47-40D4-B313-D35934DA6168}.Debug|x64.Build.0 = Debug|x64
		{7C5E3434-1D47-40D4-B313-D35934DA6168}.Debug|x86.ActiveCfg = Debug|Win32
		{7C5E3434-1D47-40D4-B313-D35934DA6168}.Debug|x86.Build.0 = Debug|Win32
		{7C5E3434-1D47-40D4-B313-D35934DA6168}.Release|x64.ActiveCfg = Release|x64
		{7C5E3434-1D47-40D4-B313-D35934DA6168}.Release|x64.Build.0 = Release|x64
		{7C5E3434-1D47-40D4-B313-D35934DA6168}.Release|x86.ActiveCfg = Release|Win32
		{7C5E3434-1D47-40D4-B313-D35934DA6168}.Release|x86.Build.0 = Release|Win32
		{DD6653CF-1336-4934-8BF3-62FCCD13CD29}.Debug|x64.ActiveCfg = Debug|x64
		{DD6653CF-1336-4934-8BF3-62FCCD13CD29}.Debug|x64.Build.0 = Debug|x64
		{DD6653CF-1336-4934-8BF3-62FCCD13CD29}.Debug|x86.ActiveCfg = Debug|Win32
		{DD6653CF-1336-4934-8BF3-62FCCD13CD29}.Debug|x86.Build.0 = Debug|Win32
		{DD6653CF-1336-4934-8BF3-62FCCD13CD29}.Release|x64.ActiveCfg = Release|x64
		{DD6653CF-1336-4934-8BF3-62FCCD13CD29}.Release|x64.Build.0 = Release|x64
		{DD6653CF-1336-4934-8BF3-62FCCD13CD29}.Release|x86.ActiveCfg = Release|Win32
		{DD6653CF-1336-4934-8BF3-62FCCD13CD29}.Release|x86.Build.0 = Release|Win32
	EndGlobalSection
	GlobalSection(SolutionProperties) = preSolution
		HideSolutionNode = FALSE
	EndGlobalSection
	GlobalSection(ExtensibilityGlobals) = postSolution
		SolutionGuid = {65D957E1-1AB7-4287-850D-01E59E7BBB64}
	EndGlobalSection
EndGlobal
